
Microsoft Visual Studio Solution File, Format Version 12.00
# Visual Studio 15
VisualStudioVersion = 15.0.28010.2016
MinimumVisualStudioVersion = 10.0.40219.1
Project("{FAE04EC0-301F-11D3-BF4B-00C04F79EFBC}") = "TCPServer", "TCPServer\TCPServer.csproj", "{EF668C00-F19B-43EC-AAE3-0B66D773E5D0}"
EndProject
Project("{FAE04EC0-301F-11D3-BF4B-00C04F79EFBC}") = "TCPClient", "TCPClient\TCPClient.csproj", "{EAAC14A0-64EA-4C9F-9CF1-B5DD28E7E4B4}"
EndProject
Global
	GlobalSection(SolutionConfigurationPlatforms) = preSolution
		Debug|Any CPU = Debug|Any CPU
		Release|Any CPU = Release|Any CPU
	EndGlobalSection
	GlobalSection(ProjectConfigurationPlatforms) = postSolution
		{EF668C00-F19B-43EC-AAE3-0B66D773E5D0}.Debug|Any CPU.ActiveCfg = Debug|Any CPU
		{EF668C00-F19B-43EC-AAE3-0B66D773E5D0}.Debug|Any CPU.Build.0 = Debug|Any CPU
		{EF668C00-F19B-43EC-AAE3-0B66D773E5D0}.Release|Any CPU.ActiveCfg = Release|Any CPU
		{EF668C00-F19B-43EC-AAE3-0B66D773E5D0}.Release|Any CPU.Build.0 = Release|Any CPU
		{EAAC14A0-64EA-4C9F-9CF1-B5DD28E7E4B4}.Debug|Any CPU.ActiveCfg = Debug|Any CPU
		{EAAC14A0-64EA-4C9F-9CF1-B5DD28E7E4B4}.Debug|Any CPU.Build.0 = Debug|Any CPU
		{EAAC14A0-64EA-4C9F-9CF1-B5DD28E7E4B4}.Release|Any CPU.ActiveCfg = Release|Any CPU
		{EAAC14A0-64EA-4C9F-9CF1-B5DD28E7E4B4}.Release|Any CPU.Build.0 = Release|Any CPU
	EndGlobalSection
	GlobalSection(SolutionProperties) = preSolution
		HideSolutionNode = FALSE
	EndGlobalSection
	GlobalSection(ExtensibilityGlobals) = postSolution
		SolutionGuid = {591C3BD1-B795-4143-9121-0952D5A8A523}
	EndGlobalSection
EndGlobal
